<?xml version="1.0" encoding="utf-8"?>
<Project ToolsVersion="4.0" xmlns="http://schemas.microsoft.com/developer/msbuild/2003">
  <ItemGroup>
    <Filter Include="source">
      <UniqueIdentifier>{a7b8dd38-779c-4aa9-9a06-3bffd7b74a36}</UniqueIdentifier>
      <Extensions>cpp;c;cxx;def;odl;idl;hpj;bat;asm</Extensions>
    </Filter>
    <Filter Include="include">
      <UniqueIdentifier>{2a8cecb3-24f9-4803-8c26-2b9b4fd2abf4}</UniqueIdentifier>
      <Extensions>h;hpp;hxx;hm;inl;inc</Extensions>
    </Filter>
    <Filter Include="resource">
      <UniqueIdentifier>{3dad02a2-77b2-41ad-ad2f-a35d1d2d9c61}</UniqueIdentifier>
      <Extensions>rc;ico;cur;bmp;dlg;rc2;rct;bin;rgs;jpg;jpeg;jpe;png;manifest</Extensions>
    </Filter>
    <Filter Include="source\Scene">
      <UniqueIdentifier>{b3a0043c-27a9-4c89-b54f-82f8677a84f6}</UniqueIdentifier>
    </Filter>
    <Filter Include="source\Config">
      <UniqueIdentifier>{69f45030-de18-4d80-8506-5257b5a1359f}</UniqueIdentifier>
    </Filter>
    <Filter Include="source\Logic">
      <UniqueIdentifier>{86e02c05-0821-4045-aefb-f5172c54737f}</UniqueIdentifier>
    </Filter>
    <Filter Include="source\Util">
      <UniqueIdentifier>{d0290728-2a9e-4fb7-a43f-2be1af4bba90}</UniqueIdentifier>
    </Filter>
    <Filter Include="source\Role">
      <UniqueIdentifier>{fd2f4dc2-7f11-4cee-bc88-b91d4a7096c9}</UniqueIdentifier>
    </Filter>
    <Filter Include="source\UI">
      <UniqueIdentifier>{e04dd99b-a138-47f4-9528-b311cadc30eb}</UniqueIdentifier>
    </Filter>
  </ItemGroup>
  <ItemGroup>
    <Image Include="res\PigRacing001.ico">
      <Filter>resource</Filter>
    </Image>
    <Image Include="..\Resources\CloseSelected.png">
      <Filter>resource</Filter>
    </Image>
    <Image Include="..\Resources\CloseNormal.png">
      <Filter>resource</Filter>
    </Image>
    <Image Include="..\Resources\HelloWorld.png">
      <Filter>resource</Filter>
    </Image>
  </ItemGroup>
  <ItemGroup>
    <ResourceCompile Include="PigRacing001.rc">
      <Filter>resource</Filter>
    </ResourceCompile>
  </ItemGroup>
  <ItemGroup>
    <ClInclude Include="resource.h">
      <Filter>include</Filter>
    </ClInclude>
    <ClInclude Include="main.h">
      <Filter>include</Filter>
    </ClInclude>
    <ClInclude Include="..\Classes\AppDelegate.h">
      <Filter>include</Filter>
    </ClInclude>
    <ClInclude Include="..\Classes\HelloWorldScene.h">
      <Filter>include</Filter>
    </ClInclude>
    <ClInclude Include="..\Classes\Config\Consts.h">
      <Filter>source\Config</Filter>
    </ClInclude>
    <ClInclude Include="..\Classes\Scene\SceneGameOver.h">
      <Filter>source\Scene</Filter>
    </ClInclude>
    <ClInclude Include="..\Classes\UI\LayerMenuMain.h">
      <Filter>source\UI</Filter>
    </ClInclude>
  </ItemGroup>
  <ItemGroup>
    <ClCompile Include="main.cpp">
      <Filter>source</Filter>
    </ClCompile>
    <ClCompile Include="..\Classes\AppDelegate.cpp">
      <Filter>source</Filter>
    </ClCompile>
    <ClCompile Include="..\Classes\HelloWorldScene.cpp">
      <Filter>source</Filter>
    </ClCompile>
    <ClCompile Include="..\Classes\Config\Consts.cpp">
      <Filter>source\Config</Filter>
    </ClCompile>
    <ClCompile Include="..\Classes\UI\LayerMenuMain.cpp">
      <Filter>source\UI</Filter>
    </ClCompile>
    <ClCompile Include="..\Classes\Scene\SceneGameOver.cpp">
      <Filter>source\Scene</Filter>
    </ClCompile>
  </ItemGroup>
  <ItemGroup>
    <Text Include="..\Classes\Config\目录说明.txt">
      <Filter>source\Config</Filter>
    </Text>
    <Text Include="..\Classes\UI\目录说明.txt">
      <Filter>source\UI</Filter>
    </Text>
    <Text Include="..\Classes\Logic\目录说明.txt">
      <Filter>source\Logic</Filter>
    </Text>
    <Text Include="..\Classes\Role\目录说明.txt">
      <Filter>source\Role</Filter>
    </Text>
    <Text Include="..\Classes\Util\说明.txt">
      <Filter>source\Util</Filter>
    </Text>
  </ItemGroup>
</Project>